
Microsoft Visual Studio Solution File, Format Version 12.00
# Visual Studio Version 17
VisualStudioVersion = 17.1.32319.34
MinimumVisualStudioVersion = 10.0.40219.1
Project("{9A19103F-16F7-4668-BE54-9A1E7A4F7556}") = "n-arrays", "n-arrays\n-arrays.csproj", "{FF592E96-7546-44C8-8713-F27C622CE717}"
EndProject
Project("{9A19103F-16F7-4668-BE54-9A1E7A4F7556}") = "posledovatelnost", "posledovatelnost\posledovatelnost.csproj", "{4B8E4D22-E0E2-4F8A-8C72-AC3414147C45}"
EndProject
Project("{9A19103F-16F7-4668-BE54-9A1E7A4F7556}") = "GuessNumber", "GuessNumber\GuessNumber.csproj", "{DD4E3FBB-0252-4B44-BBA2-4F6DCE285FB6}"
EndProject
Project("{9A19103F-16F7-4668-BE54-9A1E7A4F7556}") = "Method", "Method\Method.csproj", "{70A2B194-3282-423D-ACFE-2A0A8EC5AA4C}"
EndProject
Project("{FAE04EC0-301F-11D3-BF4B-00C04F79EFBC}") = "ReversWords", "ReversWords\ReversWords.csproj", "{8CBC8B25-7608-493B-A1E2-3A6C7A8583C3}"
EndProject
Global
	GlobalSection(SolutionConfigurationPlatforms) = preSolution
		Debug|Any CPU = Debug|Any CPU
		Release|Any CPU = Release|Any CPU
	EndGlobalSection
	GlobalSection(ProjectConfigurationPlatforms) = postSolution
		{FF592E96-7546-44C8-8713-F27C622CE717}.Debug|Any CPU.ActiveCfg = Debug|Any CPU
		{FF592E96-7546-44C8-8713-F27C622CE717}.Debug|Any CPU.Build.0 = Debug|Any CPU
		{FF592E96-7546-44C8-8713-F27C622CE717}.Release|Any CPU.ActiveCfg = Release|Any CPU
		{FF592E96-7546-44C8-8713-F27C622CE717}.Release|Any CPU.Build.0 = Release|Any CPU
		{4B8E4D22-E0E2-4F8A-8C72-AC3414147C45}.Debug|Any CPU.ActiveCfg = Debug|Any CPU
		{4B8E4D22-E0E2-4F8A-8C72-AC3414147C45}.Debug|Any CPU.Build.0 = Debug|Any CPU
		{4B8E4D22-E0E2-4F8A-8C72-AC3414147C45}.Release|Any CPU.ActiveCfg = Release|Any CPU
		{4B8E4D22-E0E2-4F8A-8C72-AC3414147C45}.Release|Any CPU.Build.0 = Release|Any CPU
		{DD4E3FBB-0252-4B44-BBA2-4F6DCE285FB6}.Debug|Any CPU.ActiveCfg = Debug|Any CPU
		{DD4E3FBB-0252-4B44-BBA2-4F6DCE285FB6}.Debug|Any CPU.Build.0 = Debug|Any CPU
		{DD4E3FBB-0252-4B44-BBA2-4F6DCE285FB6}.Release|Any CPU.ActiveCfg = Release|Any CPU
		{DD4E3FBB-0252-4B44-BBA2-4F6DCE285FB6}.Release|Any CPU.Build.0 = Release|Any CPU
		{70A2B194-3282-423D-ACFE-2A0A8EC5AA4C}.Debug|Any CPU.ActiveCfg = Debug|Any CPU
		{70A2B194-3282-423D-ACFE-2A0A8EC5AA4C}.Debug|Any CPU.Build.0 = Debug|Any CPU
		{70A2B194-3282-423D-ACFE-2A0A8EC5AA4C}.Release|Any CPU.ActiveCfg = Release|Any CPU
		{70A2B194-3282-423D-ACFE-2A0A8EC5AA4C}.Release|Any CPU.Build.0 = Release|Any CPU
		{8CBC8B25-7608-493B-A1E2-3A6C7A8583C3}.Debug|Any CPU.ActiveCfg = Debug|Any CPU
		{8CBC8B25-7608-493B-A1E2-3A6C7A8583C3}.Debug|Any CPU.Build.0 = Debug|Any CPU
		{8CBC8B25-7608-493B-A1E2-3A6C7A8583C3}.Release|Any CPU.ActiveCfg = Release|Any CPU
		{8CBC8B25-7608-493B-A1E2-3A6C7A8583C3}.Release|Any CPU.Build.0 = Release|Any CPU
	EndGlobalSection
	GlobalSection(SolutionProperties) = preSolution
		HideSolutionNode = FALSE
	EndGlobalSection
	GlobalSection(ExtensibilityGlobals) = postSolution
		SolutionGuid = {11E64317-64FB-42AA-9D74-A028EE61ABDD}
	EndGlobalSection
EndGlobal
